
Microsoft Visual Studio Solution File, Format Version 12.00
# Visual Studio 15
VisualStudioVersion = 15.0.27004.2002
MinimumVisualStudioVersion = 10.0.40219.1
Project("{FAE04EC0-301F-11D3-BF4B-00C04F79EFBC}") = "01-09-21", "01-09-21\01-09-21.csproj", "{B935BE94-BF0D-4533-89DC-47E0FBC801F6}"
EndProject
Project("{FAE04EC0-301F-11D3-BF4B-00C04F79EFBC}") = "03-09-21", "03-09-21\03-09-21.csproj", "{4289FA1B-2872-4BDA-A0A9-5AD8EBF25474}"
EndProject
Project("{FAE04EC0-301F-11D3-BF4B-00C04F79EFBC}") = "05-09-21", "05-09-21\05-09-21.csproj", "{5423750A-ACB0-43B7-BB64-319D39F87064}"
EndProject
Global
	GlobalSection(SolutionConfigurationPlatforms) = preSolution
		Debug|Any CPU = Debug|Any CPU
		Release|Any CPU = Release|Any CPU
	EndGlobalSection
	GlobalSection(ProjectConfigurationPlatforms) = postSolution
		{B935BE94-BF0D-4533-89DC-47E0FBC801F6}.Debug|Any CPU.ActiveCfg = Debug|Any CPU
		{B935BE94-BF0D-4533-89DC-47E0FBC801F6}.Debug|Any CPU.Build.0 = Debug|Any CPU
		{B935BE94-BF0D-4533-89DC-47E0FBC801F6}.Release|Any CPU.ActiveCfg = Release|Any CPU
		{B935BE94-BF0D-4533-89DC-47E0FBC801F6}.Release|Any CPU.Build.0 = Release|Any CPU
		{4289FA1B-2872-4BDA-A0A9-5AD8EBF25474}.Debug|Any CPU.ActiveCfg = Debug|Any CPU
		{4289FA1B-2872-4BDA-A0A9-5AD8EBF25474}.Debug|Any CPU.Build.0 = Debug|Any CPU
		{4289FA1B-2872-4BDA-A0A9-5AD8EBF25474}.Release|Any CPU.ActiveCfg = Release|Any CPU
		{4289FA1B-2872-4BDA-A0A9-5AD8EBF25474}.Release|Any CPU.Build.0 = Release|Any CPU
		{5423750A-ACB0-43B7-BB64-319D39F87064}.Debug|Any CPU.ActiveCfg = Debug|Any CPU
		{5423750A-ACB0-43B7-BB64-319D39F87064}.Debug|Any CPU.Build.0 = Debug|Any CPU
		{5423750A-ACB0-43B7-BB64-319D39F87064}.Release|Any CPU.ActiveCfg = Release|Any CPU
		{5423750A-ACB0-43B7-BB64-319D39F87064}.Release|Any CPU.Build.0 = Release|Any CPU
	EndGlobalSection
	GlobalSection(SolutionProperties) = preSolution
		HideSolutionNode = FALSE
	EndGlobalSection
	GlobalSection(ExtensibilityGlobals) = postSolution
		SolutionGuid = {A427CF2D-638C-4F6D-BB48-895022DF716C}
	EndGlobalSection
EndGlobal
