
Microsoft Visual Studio Solution File, Format Version 12.00
# Visual Studio 15
VisualStudioVersion = 15.0.27004.2002
MinimumVisualStudioVersion = 10.0.40219.1
Project("{9A19103F-16F7-4668-BE54-9A1E7A4F7556}") = "01-09-21", "01-09-21\01-09-21.csproj", "{B935BE94-BF0D-4533-89DC-47E0FBC801F6}"
EndProject
Project("{9A19103F-16F7-4668-BE54-9A1E7A4F7556}") = "03-09-21", "03-09-21\03-09-21.csproj", "{4289FA1B-2872-4BDA-A0A9-5AD8EBF25474}"
EndProject
Project("{9A19103F-16F7-4668-BE54-9A1E7A4F7556}") = "05-09-21", "05-09-21\05-09-21.csproj", "{5423750A-ACB0-43B7-BB64-319D39F87064}"
EndProject
Project("{9A19103F-16F7-4668-BE54-9A1E7A4F7556}") = "13-09-21", "13-09-21\13-09-21.csproj", "{AF196AC6-1914-448B-9315-D56613BCE981}"
EndProject
Project("{9A19103F-16F7-4668-BE54-9A1E7A4F7556}") = "17-09-21", "17-09-21\17-09-21.csproj", "{DBD6BC7E-7467-4313-B1CF-9CAD4EF6F5F9}"
EndProject
Project("{9A19103F-16F7-4668-BE54-9A1E7A4F7556}") = "20-09-21", "20-09-21\20-09-21.csproj", "{2B4A0B50-C689-4C2F-B962-201E019BD7D1}"
EndProject
Project("{9A19103F-16F7-4668-BE54-9A1E7A4F7556}") = "22-09-21", "22-09-21\22-09-21.csproj", "{322ED11D-BAAA-42B5-A7FE-5B7B4226C307}"
EndProject
Project("{9A19103F-16F7-4668-BE54-9A1E7A4F7556}") = "06-10-21", "06-10-21\06-10-21.csproj", "{DCAB3F90-B530-49EC-A7B2-2FB49A03727A}"
EndProject
Project("{9A19103F-16F7-4668-BE54-9A1E7A4F7556}") = "08-10-21", "08-10-21\08-10-21.csproj", "{D41C7429-D5FA-4CB2-A80E-C64E77BE27A8}"
EndProject
Project("{FAE04EC0-301F-11D3-BF4B-00C04F79EFBC}") = "10-10-21", "10-10-21\10-10-21.csproj", "{71ED1115-A027-4F46-AA53-5EE7ABADCAF0}"
EndProject
Global
	GlobalSection(SolutionConfigurationPlatforms) = preSolution
		Debug|Any CPU = Debug|Any CPU
		Release|Any CPU = Release|Any CPU
	EndGlobalSection
	GlobalSection(ProjectConfigurationPlatforms) = postSolution
		{B935BE94-BF0D-4533-89DC-47E0FBC801F6}.Debug|Any CPU.ActiveCfg = Debug|Any CPU
		{B935BE94-BF0D-4533-89DC-47E0FBC801F6}.Debug|Any CPU.Build.0 = Debug|Any CPU
		{B935BE94-BF0D-4533-89DC-47E0FBC801F6}.Release|Any CPU.ActiveCfg = Release|Any CPU
		{B935BE94-BF0D-4533-89DC-47E0FBC801F6}.Release|Any CPU.Build.0 = Release|Any CPU
		{4289FA1B-2872-4BDA-A0A9-5AD8EBF25474}.Debug|Any CPU.ActiveCfg = Debug|Any CPU
		{4289FA1B-2872-4BDA-A0A9-5AD8EBF25474}.Debug|Any CPU.Build.0 = Debug|Any CPU
		{4289FA1B-2872-4BDA-A0A9-5AD8EBF25474}.Release|Any CPU.ActiveCfg = Release|Any CPU
		{4289FA1B-2872-4BDA-A0A9-5AD8EBF25474}.Release|Any CPU.Build.0 = Release|Any CPU
		{5423750A-ACB0-43B7-BB64-319D39F87064}.Debug|Any CPU.ActiveCfg = Debug|Any CPU
		{5423750A-ACB0-43B7-BB64-319D39F87064}.Debug|Any CPU.Build.0 = Debug|Any CPU
		{5423750A-ACB0-43B7-BB64-319D39F87064}.Release|Any CPU.ActiveCfg = Release|Any CPU
		{5423750A-ACB0-43B7-BB64-319D39F87064}.Release|Any CPU.Build.0 = Release|Any CPU
		{AF196AC6-1914-448B-9315-D56613BCE981}.Debug|Any CPU.ActiveCfg = Debug|Any CPU
		{AF196AC6-1914-448B-9315-D56613BCE981}.Debug|Any CPU.Build.0 = Debug|Any CPU
		{AF196AC6-1914-448B-9315-D56613BCE981}.Release|Any CPU.ActiveCfg = Release|Any CPU
		{AF196AC6-1914-448B-9315-D56613BCE981}.Release|Any CPU.Build.0 = Release|Any CPU
		{DBD6BC7E-7467-4313-B1CF-9CAD4EF6F5F9}.Debug|Any CPU.ActiveCfg = Debug|Any CPU
		{DBD6BC7E-7467-4313-B1CF-9CAD4EF6F5F9}.Debug|Any CPU.Build.0 = Debug|Any CPU
		{DBD6BC7E-7467-4313-B1CF-9CAD4EF6F5F9}.Release|Any CPU.ActiveCfg = Release|Any CPU
		{DBD6BC7E-7467-4313-B1CF-9CAD4EF6F5F9}.Release|Any CPU.Build.0 = Release|Any CPU
		{2B4A0B50-C689-4C2F-B962-201E019BD7D1}.Debug|Any CPU.ActiveCfg = Debug|Any CPU
		{2B4A0B50-C689-4C2F-B962-201E019BD7D1}.Debug|Any CPU.Build.0 = Debug|Any CPU
		{2B4A0B50-C689-4C2F-B962-201E019BD7D1}.Release|Any CPU.ActiveCfg = Release|Any CPU
		{2B4A0B50-C689-4C2F-B962-201E019BD7D1}.Release|Any CPU.Build.0 = Release|Any CPU
		{322ED11D-BAAA-42B5-A7FE-5B7B4226C307}.Debug|Any CPU.ActiveCfg = Debug|Any CPU
		{322ED11D-BAAA-42B5-A7FE-5B7B4226C307}.Debug|Any CPU.Build.0 = Debug|Any CPU
		{322ED11D-BAAA-42B5-A7FE-5B7B4226C307}.Release|Any CPU.ActiveCfg = Release|Any CPU
		{322ED11D-BAAA-42B5-A7FE-5B7B4226C307}.Release|Any CPU.Build.0 = Release|Any CPU
		{DCAB3F90-B530-49EC-A7B2-2FB49A03727A}.Debug|Any CPU.ActiveCfg = Debug|Any CPU
		{DCAB3F90-B530-49EC-A7B2-2FB49A03727A}.Debug|Any CPU.Build.0 = Debug|Any CPU
		{DCAB3F90-B530-49EC-A7B2-2FB49A03727A}.Release|Any CPU.ActiveCfg = Release|Any CPU
		{DCAB3F90-B530-49EC-A7B2-2FB49A03727A}.Release|Any CPU.Build.0 = Release|Any CPU
		{D41C7429-D5FA-4CB2-A80E-C64E77BE27A8}.Debug|Any CPU.ActiveCfg = Debug|Any CPU
		{D41C7429-D5FA-4CB2-A80E-C64E77BE27A8}.Debug|Any CPU.Build.0 = Debug|Any CPU
		{D41C7429-D5FA-4CB2-A80E-C64E77BE27A8}.Release|Any CPU.ActiveCfg = Release|Any CPU
		{D41C7429-D5FA-4CB2-A80E-C64E77BE27A8}.Release|Any CPU.Build.0 = Release|Any CPU
		{71ED1115-A027-4F46-AA53-5EE7ABADCAF0}.Debug|Any CPU.ActiveCfg = Debug|Any CPU
		{71ED1115-A027-4F46-AA53-5EE7ABADCAF0}.Debug|Any CPU.Build.0 = Debug|Any CPU
		{71ED1115-A027-4F46-AA53-5EE7ABADCAF0}.Release|Any CPU.ActiveCfg = Release|Any CPU
		{71ED1115-A027-4F46-AA53-5EE7ABADCAF0}.Release|Any CPU.Build.0 = Release|Any CPU
	EndGlobalSection
	GlobalSection(SolutionProperties) = preSolution
		HideSolutionNode = FALSE
	EndGlobalSection
	GlobalSection(ExtensibilityGlobals) = postSolution
		SolutionGuid = {A427CF2D-638C-4F6D-BB48-895022DF716C}
	EndGlobalSection
EndGlobal
